// !$*UTF8*$!
{
	archiveVersion = 1;
	classes = {
	};
	objectVersion = 46;
	objects = {

/* Begin PBXBuildFile section */
		BB4F512E1D4E532600BFAF05 /* main.m in Sources */ = {isa = PBXBuildFile; fileRef = BB4F512D1D4E532600BFAF05 /* main.m */; };
		BB4F51311D4E532600BFAF05 /* AppDelegate.m in Sources */ = {isa = PBXBuildFile; fileRef = BB4F51301D4E532600BFAF05 /* AppDelegate.m */; };
		BB4F51371D4E532600BFAF05 /* Main.storyboard in Resources */ = {isa = PBXBuildFile; fileRef = BB4F51351D4E532600BFAF05 /* Main.storyboard */; };
		BB4F51391D4E532600BFAF05 /* Assets.xcassets in Resources */ = {isa = PBXBuildFile; fileRef = BB4F51381D4E532600BFAF05 /* Assets.xcassets */; };
		BB4F513C1D4E532600BFAF05 /* LaunchScreen.storyboard in Resources */ = {isa = PBXBuildFile; fileRef = BB4F513A1D4E532600BFAF05 /* LaunchScreen.storyboard */; };
		BB4F51441D4E547300BFAF05 /* images.xcassets in Resources */ = {isa = PBXBuildFile; fileRef = BB4F51431D4E547300BFAF05 /* images.xcassets */; };
		BB4F514A1D4E552300BFAF05 /* AddFriendsViewController.m in Sources */ = {isa = PBXBuildFile; fileRef = BB4F51491D4E552300BFAF05 /* AddFriendsViewController.m */; };
		BB4F51531D4E55EE00BFAF05 /* MemberCell.m in Sources */ = {isa = PBXBuildFile; fileRef = BB4F51511D4E55EE00BFAF05 /* MemberCell.m */; };
		BB4F51541D4E55EE00BFAF05 /* MemberCell.xib in Resources */ = {isa = PBXBuildFile; fileRef = BB4F51521D4E55EE00BFAF05 /* MemberCell.xib */; };
		BB4F51571D4E610800BFAF05 /* NSString+Users.m in Sources */ = {isa = PBXBuildFile; fileRef = BB4F51561D4E610800BFAF05 /* NSString+Users.m */; };
		BB4F515A1D4E618200BFAF05 /* Section.m in Sources */ = {isa = PBXBuildFile; fileRef = BB4F51591D4E618200BFAF05 /* Section.m */; };
		BB5AD9D51D4E9BCE00A30609 /* Montserrat-Bold.ttf in Resources */ = {isa = PBXBuildFile; fileRef = BB5AD9D31D4E9B8F00A30609 /* Montserrat-Bold.ttf */; };
		BB5AD9D61D4E9BD100A30609 /* Montserrat-Regular.ttf in Resources */ = {isa = PBXBuildFile; fileRef = BB5AD9D41D4E9B8F00A30609 /* Montserrat-Regular.ttf */; };
		C7E41C105A83F2107E62C7E4 /* Pods_Search.framework in Frameworks */ = {isa = PBXBuildFile; fileRef = 4590605036E8825B3F356106 /* Pods_Search.framework */; };
/* End PBXBuildFile section */

/* Begin PBXFileReference section */
		07EC4574F5AACB9A162CBFD1 /* Pods-Search.release.xcconfig */ = {isa = PBXFileReference; includeInIndex = 1; lastKnownFileType = text.xcconfig; name = "Pods-Search.release.xcconfig"; path = "Pods/Target Support Files/Pods-Search/Pods-Search.release.xcconfig"; sourceTree = "<group>"; };
		4590605036E8825B3F356106 /* Pods_Search.framework */ = {isa = PBXFileReference; explicitFileType = wrapper.framework; includeInIndex = 0; path = Pods_Search.framework; sourceTree = BUILT_PRODUCTS_DIR; };
		6CE7AB4447E9B8801BE56056 /* Pods-Search.debug.xcconfig */ = {isa = PBXFileReference; includeInIndex = 1; lastKnownFileType = text.xcconfig; name = "Pods-Search.debug.xcconfig"; path = "Pods/Target Support Files/Pods-Search/Pods-Search.debug.xcconfig"; sourceTree = "<group>"; };
		BB4F51291D4E532600BFAF05 /* Search.app */ = {isa = PBXFileReference; explicitFileType = wrapper.application; includeInIndex = 0; path = Search.app; sourceTree = BUILT_PRODUCTS_DIR; };
		BB4F512D1D4E532600BFAF05 /* main.m */ = {isa = PBXFileReference; lastKnownFileType = sourcecode.c.objc; path = main.m; sourceTree = "<group>"; };
		BB4F512F1D4E532600BFAF05 /* AppDelegate.h */ = {isa = PBXFileReference; lastKnownFileType = sourcecode.c.h; path = AppDelegate.h; sourceTree = "<group>"; };
		BB4F51301D4E532600BFAF05 /* AppDelegate.m */ = {isa = PBXFileReference; lastKnownFileType = sourcecode.c.objc; path = AppDelegate.m; sourceTree = "<group>"; };
		BB4F51361D4E532600BFAF05 /* Base */ = {isa = PBXFileReference; lastKnownFileType = file.storyboard; name = Base; path = Base.lproj/Main.storyboard; sourceTree = "<group>"; };
		BB4F51381D4E532600BFAF05 /* Assets.xcassets */ = {isa = PBXFileReference; lastKnownFileType = folder.assetcatalog; path = Assets.xcassets; sourceTree = "<group>"; };
		BB4F513B1D4E532600BFAF05 /* Base */ = {isa = PBXFileReference; lastKnownFileType = file.storyboard; name = Base; path = Base.lproj/LaunchScreen.storyboard; sourceTree = "<group>"; };
		BB4F513D1D4E532600BFAF05 /* Info.plist */ = {isa = PBXFileReference; lastKnownFileType = text.plist.xml; path = Info.plist; sourceTree = "<group>"; };
		BB4F51431D4E547300BFAF05 /* images.xcassets */ = {isa = PBXFileReference; lastKnownFileType = folder.assetcatalog; path = images.xcassets; sourceTree = "<group>"; };
		BB4F51481D4E552300BFAF05 /* AddFriendsViewController.h */ = {isa = PBXFileReference; fileEncoding = 4; lastKnownFileType = sourcecode.c.h; path = AddFriendsViewController.h; sourceTree = "<group>"; };
		BB4F51491D4E552300BFAF05 /* AddFriendsViewController.m */ = {isa = PBXFileReference; fileEncoding = 4; lastKnownFileType = sourcecode.c.objc; path = AddFriendsViewController.m; sourceTree = "<group>"; };
		BB4F51501D4E55EE00BFAF05 /* MemberCell.h */ = {isa = PBXFileReference; fileEncoding = 4; lastKnownFileType = sourcecode.c.h; path = MemberCell.h; sourceTree = "<group>"; };
		BB4F51511D4E55EE00BFAF05 /* MemberCell.m */ = {isa = PBXFileReference; fileEncoding = 4; lastKnownFileType = sourcecode.c.objc; path = MemberCell.m; sourceTree = "<group>"; };
		BB4F51521D4E55EE00BFAF05 /* MemberCell.xib */ = {isa = PBXFileReference; fileEncoding = 4; lastKnownFileType = file.xib; path = MemberCell.xib; sourceTree = "<group>"; };
		BB4F51551D4E610800BFAF05 /* NSString+Users.h */ = {isa = PBXFileReference; fileEncoding = 4; lastKnownFileType = sourcecode.c.h; path = "NSString+Users.h"; sourceTree = "<group>"; };
		BB4F51561D4E610800BFAF05 /* NSString+Users.m */ = {isa = PBXFileReference; fileEncoding = 4; lastKnownFileType = sourcecode.c.objc; path = "NSString+Users.m"; sourceTree = "<group>"; };
		BB4F51581D4E618200BFAF05 /* Section.h */ = {isa = PBXFileReference; fileEncoding = 4; lastKnownFileType = sourcecode.c.h; path = Section.h; sourceTree = "<group>"; };
		BB4F51591D4E618200BFAF05 /* Section.m */ = {isa = PBXFileReference; fileEncoding = 4; lastKnownFileType = sourcecode.c.objc; path = Section.m; sourceTree = "<group>"; };
		BB5AD9D31D4E9B8F00A30609 /* Montserrat-Bold.ttf */ = {isa = PBXFileReference; lastKnownFileType = file; name = "Montserrat-Bold.ttf"; path = "../../../Downloads/Montserrat/Montserrat-Bold.ttf"; sourceTree = "<group>"; };
		BB5AD9D41D4E9B8F00A30609 /* Montserrat-Regular.ttf */ = {isa = PBXFileReference; lastKnownFileType = file; name = "Montserrat-Regular.ttf"; path = "../../../Downloads/Montserrat/Montserrat-Regular.ttf"; sourceTree = "<group>"; };
/* End PBXFileReference section */

/* Begin PBXFrameworksBuildPhase section */
		BB4F51261D4E532600BFAF05 /* Frameworks */ = {
			isa = PBXFrameworksBuildPhase;
			buildActionMask = 2147483647;
			files = (
				C7E41C105A83F2107E62C7E4 /* Pods_Search.framework in Frameworks */,
			);
			runOnlyForDeploymentPostprocessing = 0;
		};
/* End PBXFrameworksBuildPhase section */

/* Begin PBXGroup section */
		2FF03FD06932B1BAFF4D389A /* Pods */ = {
			isa = PBXGroup;
			children = (
				6CE7AB4447E9B8801BE56056 /* Pods-Search.debug.xcconfig */,
				07EC4574F5AACB9A162CBFD1 /* Pods-Search.release.xcconfig */,
			);
			name = Pods;
			sourceTree = "<group>";
		};
		9C3DE8D126F8C55F34EBBE40 /* Frameworks */ = {
			isa = PBXGroup;
			children = (
				4590605036E8825B3F356106 /* Pods_Search.framework */,
			);
			name = Frameworks;
			sourceTree = "<group>";
		};
		BB4F51201D4E532600BFAF05 = {
			isa = PBXGroup;
			children = (
				BB4F512B1D4E532600BFAF05 /* Search */,
				BB4F512A1D4E532600BFAF05 /* Products */,
				2FF03FD06932B1BAFF4D389A /* Pods */,
				9C3DE8D126F8C55F34EBBE40 /* Frameworks */,
			);
			sourceTree = "<group>";
		};
		BB4F512A1D4E532600BFAF05 /* Products */ = {
			isa = PBXGroup;
			children = (
				BB4F51291D4E532600BFAF05 /* Search.app */,
			);
			name = Products;
			sourceTree = "<group>";
		};
		BB4F512B1D4E532600BFAF05 /* Search */ = {
			isa = PBXGroup;
			children = (
				BB4F512F1D4E532600BFAF05 /* AppDelegate.h */,
				BB4F51301D4E532600BFAF05 /* AppDelegate.m */,
				BB4F514C1D4E55AB00BFAF05 /* Cells */,
				BB4F514B1D4E552900BFAF05 /* Controllers */,
				BB4F51351D4E532600BFAF05 /* Main.storyboard */,
				BB4F51381D4E532600BFAF05 /* Assets.xcassets */,
				BB4F513A1D4E532600BFAF05 /* LaunchScreen.storyboard */,
				BB4F513D1D4E532600BFAF05 /* Info.plist */,
				BB4F512C1D4E532600BFAF05 /* Supporting Files */,
				BB4F51431D4E547300BFAF05 /* images.xcassets */,
				BB4F51551D4E610800BFAF05 /* NSString+Users.h */,
				BB4F51561D4E610800BFAF05 /* NSString+Users.m */,
				BB4F51581D4E618200BFAF05 /* Section.h */,
				BB4F51591D4E618200BFAF05 /* Section.m */,
				BB5AD9D31D4E9B8F00A30609 /* Montserrat-Bold.ttf */,
				BB5AD9D41D4E9B8F00A30609 /* Montserrat-Regular.ttf */,
			);
			path = Search;
			sourceTree = "<group>";
		};
		BB4F512C1D4E532600BFAF05 /* Supporting Files */ = {
			isa = PBXGroup;
			children = (
				BB4F512D1D4E532600BFAF05 /* main.m */,
			);
			name = "Supporting Files";
			sourceTree = "<group>";
		};
		BB4F514B1D4E552900BFAF05 /* Controllers */ = {
			isa = PBXGroup;
			children = (
				BB4F51481D4E552300BFAF05 /* AddFriendsViewController.h */,
				BB4F51491D4E552300BFAF05 /* AddFriendsViewController.m */,
			);
			name = Controllers;
			sourceTree = "<group>";
		};
		BB4F514C1D4E55AB00BFAF05 /* Cells */ = {
			isa = PBXGroup;
			children = (
				BB4F51501D4E55EE00BFAF05 /* MemberCell.h */,
				BB4F51511D4E55EE00BFAF05 /* MemberCell.m */,
				BB4F51521D4E55EE00BFAF05 /* MemberCell.xib */,
			);
			name = Cells;
			sourceTree = "<group>";
		};
/* End PBXGroup section */

/* Begin PBXNativeTarget section */
		BB4F51281D4E532600BFAF05 /* Search */ = {
			isa = PBXNativeTarget;
			buildConfigurationList = BB4F51401D4E532600BFAF05 /* Build configuration list for PBXNativeTarget "Search" */;
			buildPhases = (
				85FCBE1FEB50D7E519E329B6 /* [CP] Check Pods Manifest.lock */,
				BB4F51251D4E532600BFAF05 /* Sources */,
				BB4F51261D4E532600BFAF05 /* Frameworks */,
				BB4F51271D4E532600BFAF05 /* Resources */,
				7625C1833E924B1BE83E71E6 /* [CP] Embed Pods Frameworks */,
				73875C4EF81E39460AB677AD /* [CP] Copy Pods Resources */,
			);
			buildRules = (
			);
			dependencies = (
			);
			name = Search;
			productName = Search;
			productReference = BB4F51291D4E532600BFAF05 /* Search.app */;
			productType = "com.apple.product-type.application";
		};
/* End PBXNativeTarget section */

/* Begin PBXProject section */
		BB4F51211D4E532600BFAF05 /* Project object */ = {
			isa = PBXProject;
			attributes = {
				LastUpgradeCheck = 0730;
				ORGANIZATIONNAME = "Sergey Tszyu";
				TargetAttributes = {
					BB4F51281D4E532600BFAF05 = {
						CreatedOnToolsVersion = 7.3.1;
					};
				};
			};
			buildConfigurationList = BB4F51241D4E532600BFAF05 /* Build configuration list for PBXProject "Search" */;
			compatibilityVersion = "Xcode 3.2";
			developmentRegion = English;
			hasScannedForEncodings = 0;
			knownRegions = (
				en,
				Base,
			);
			mainGroup = BB4F51201D4E532600BFAF05;
			productRefGroup = BB4F512A1D4E532600BFAF05 /* Products */;
			projectDirPath = "";
			projectRoot = "";
			targets = (
				BB4F51281D4E532600BFAF05 /* Search */,
			);
		};
/* End PBXProject section */

/* Begin PBXResourcesBuildPhase section */
		BB4F51271D4E532600BFAF05 /* Resources */ = {
			isa = PBXResourcesBuildPhase;
			buildActionMask = 2147483647;
			files = (
				BB5AD9D51D4E9BCE00A30609 /* Montserrat-Bold.ttf in Resources */,
				BB5AD9D61D4E9BD100A30609 /* Montserrat-Regular.ttf in Resources */,
				BB4F513C1D4E532600BFAF05 /* LaunchScreen.storyboard in Resources */,
				BB4F51441D4E547300BFAF05 /* images.xcassets in Resources */,
				BB4F51541D4E55EE00BFAF05 /* MemberCell.xib in Resources */,
				BB4F51391D4E532600BFAF05 /* Assets.xcassets in Resources */,
				BB4F51371D4E532600BFAF05 /* Main.storyboard in Resources */,
			);
			runOnlyForDeploymentPostprocessing = 0;
		};
/* End PBXResourcesBuildPhase section */

/* Begin PBXShellScriptBuildPhase section */
		73875C4EF81E39460AB677AD /* [CP] Copy Pods Resources */ = {
			isa = PBXShellScriptBuildPhase;
			buildActionMask = 2147483647;
			files = (
			);
			inputPaths = (
			);
			name = "[CP] Copy Pods Resources";
			outputPaths = (
			);
			runOnlyForDeploymentPostprocessing = 0;
			shellPath = /bin/sh;
			shellScript = "\"${SRCROOT}/Pods/Target Support Files/Pods-Search/Pods-Search-resources.sh\"\n";
			showEnvVarsInLog = 0;
		};
		7625C1833E924B1BE83E71E6 /* [CP] Embed Pods Frameworks */ = {
			isa = PBXShellScriptBuildPhase;
			buildActionMask = 2147483647;
			files = (
			);
			inputPaths = (
			);
			name = "[CP] Embed Pods Frameworks";
			outputPaths = (
			);
			runOnlyForDeploymentPostprocessing = 0;
			shellPath = /bin/sh;
			shellScript = "\"${SRCROOT}/Pods/Target Support Files/Pods-Search/Pods-Search-frameworks.sh\"\n";
			showEnvVarsInLog = 0;
		};
		85FCBE1FEB50D7E519E329B6 /* [CP] Check Pods Manifest.lock */ = {
			isa = PBXShellScriptBuildPhase;
			buildActionMask = 2147483647;
			files = (
			);
			inputPaths = (
			);
			name = "[CP] Check Pods Manifest.lock";
			outputPaths = (
			);
			runOnlyForDeploymentPostprocessing = 0;
			shellPath = /bin/sh;
			shellScript = "diff \"${PODS_ROOT}/../Podfile.lock\" \"${PODS_ROOT}/Manifest.lock\" > /dev/null\nif [[ $? != 0 ]] ; then\n    cat << EOM\nerror: The sandbox is not in sync with the Podfile.lock. Run 'pod install' or update your CocoaPods installation.\nEOM\n    exit 1\nfi\n";
			showEnvVarsInLog = 0;
		};
/* End PBXShellScriptBuildPhase section */

/* Begin PBXSourcesBuildPhase section */
		BB4F51251D4E532600BFAF05 /* Sources */ = {
			isa = PBXSourcesBuildPhase;
			buildActionMask = 2147483647;
			files = (
				BB4F51311D4E532600BFAF05 /* AppDelegate.m in Sources */,
				BB4F514A1D4E552300BFAF05 /* AddFriendsViewController.m in Sources */,
				BB4F512E1D4E532600BFAF05 /* main.m in Sources */,
				BB4F51571D4E610800BFAF05 /* NSString+Users.m in Sources */,
				BB4F51531D4E55EE00BFAF05 /* MemberCell.m in Sources */,
				BB4F515A1D4E618200BFAF05 /* Section.m in Sources */,
			);
			runOnlyForDeploymentPostprocessing = 0;
		};
/* End PBXSourcesBuildPhase section */

/* Begin PBXVariantGroup section */
		BB4F51351D4E532600BFAF05 /* Main.storyboard */ = {
			isa = PBXVariantGroup;
			children = (
				BB4F51361D4E532600BFAF05 /* Base */,
			);
			name = Main.storyboard;
			sourceTree = "<group>";
		};
		BB4F513A1D4E532600BFAF05 /* LaunchScreen.storyboard */ = {
			isa = PBXVariantGroup;
			children = (
				BB4F513B1D4E532600BFAF05 /* Base */,
			);
			name = LaunchScreen.storyboard;
			sourceTree = "<group>";
		};
/* End PBXVariantGroup section */

/* Begin XCBuildConfiguration section */
		BB4F513E1D4E532600BFAF05 /* Debug */ = {
			isa = XCBuildConfiguration;
			buildSettings = {
				ALWAYS_SEARCH_USER_PATHS = NO;
				CLANG_ANALYZER_NONNULL = YES;
				CLANG_CXX_LANGUAGE_STANDARD = "gnu++0x";
				CLANG_CXX_LIBRARY = "libc++";
				CLANG_ENABLE_MODULES = YES;
				CLANG_ENABLE_OBJC_ARC = YES;
				CLANG_WARN_BOOL_CONVERSION = YES;
				CLANG_WARN_CONSTANT_CONVERSION = YES;
				CLANG_WARN_DIRECT_OBJC_ISA_USAGE = YES_ERROR;
				CLANG_WARN_EMPTY_BODY = YES;
				CLANG_WARN_ENUM_CONVERSION = YES;
				CLANG_WARN_INT_CONVERSION = YES;
				CLANG_WARN_OBJC_ROOT_CLASS = YES_ERROR;
				CLANG_WARN_UNREACHABLE_CODE = YES;
				CLANG_WARN__DUPLICATE_METHOD_MATCH = YES;
				"CODE_SIGN_IDENTITY[sdk=iphoneos*]" = "iPhone Developer";
				COPY_PHASE_STRIP = NO;
				DEBUG_INFORMATION_FORMAT = dwarf;
				ENABLE_STRICT_OBJC_MSGSEND = YES;
				ENABLE_TESTABILITY = YES;
				GCC_C_LANGUAGE_STANDARD = gnu99;
				GCC_DYNAMIC_NO_PIC = NO;
				GCC_NO_COMMON_BLOCKS = YES;
				GCC_OPTIMIZATION_LEVEL = 0;
				GCC_PREPROCESSOR_DEFINITIONS = (
					"DEBUG=1",
					"$(inherited)",
				);
				GCC_WARN_64_TO_32_BIT_CONVERSION = YES;
				GCC_WARN_ABOUT_RETURN_TYPE = YES_ERROR;
				GCC_WARN_UNDECLARED_SELECTOR = YES;
				GCC_WARN_UNINITIALIZED_AUTOS = YES_AGGRESSIVE;
				GCC_WARN_UNUSED_FUNCTION = YES;
				GCC_WARN_UNUSED_VARIABLE = YES;
				IPHONEOS_DEPLOYMENT_TARGET = 9.3;
				MTL_ENABLE_DEBUG_INFO = YES;
				ONLY_ACTIVE_ARCH = YES;
				SDKROOT = iphoneos;
			};
			name = Debug;
		};
		BB4F513F1D4E532600BFAF05 /* Release */ = {
			isa = XCBuildConfiguration;
			buildSettings = {
				ALWAYS_SEARCH_USER_PATHS = NO;
				CLANG_ANALYZER_NONNULL = YES;
				CLANG_CXX_LANGUAGE_STANDARD = "gnu++0x";
				CLANG_CXX_LIBRARY = "libc++";
				CLANG_ENABLE_MODULES = YES;
				CLANG_ENABLE_OBJC_ARC = YES;
				CLANG_WARN_BOOL_CONVERSION = YES;
				CLANG_WARN_CONSTANT_CONVERSION = YES;
				CLANG_WARN_DIRECT_OBJC_ISA_USAGE = YES_ERROR;
				CLANG_WARN_EMPTY_BODY = YES;
				CLANG_WARN_ENUM_CONVERSION = YES;
				CLANG_WARN_INT_CONVERSION = YES;
				CLANG_WARN_OBJC_ROOT_CLASS = YES_ERROR;
				CLANG_WARN_UNREACHABLE_CODE = YES;
				CLANG_WARN__DUPLICATE_METHOD_MATCH = YES;
				"CODE_SIGN_IDENTITY[sdk=iphoneos*]" = "iPhone Developer";
				COPY_PHASE_STRIP = NO;
				DEBUG_INFORMATION_FORMAT = "dwarf-with-dsym";
				ENABLE_NS_ASSERTIONS = NO;
				ENABLE_STRICT_OBJC_MSGSEND = YES;
				GCC_C_LANGUAGE_STANDARD = gnu99;
				GCC_NO_COMMON_BLOCKS = YES;
				GCC_WARN_64_TO_32_BIT_CONVERSION = YES;
				GCC_WARN_ABOUT_RETURN_TYPE = YES_ERROR;
				GCC_WARN_UNDECLARED_SELECTOR = YES;
				GCC_WARN_UNINITIALIZED_AUTOS = YES_AGGRESSIVE;
				GCC_WARN_UNUSED_FUNCTION = YES;
				GCC_WARN_UNUSED_VARIABLE = YES;
				IPHONEOS_DEPLOYMENT_TARGET = 9.3;
				MTL_ENABLE_DEBUG_INFO = NO;
				SDKROOT = iphoneos;
				VALIDATE_PRODUCT = YES;
			};
			name = Release;
		};
		BB4F51411D4E532600BFAF05 /* Debug */ = {
			isa = XCBuildConfiguration;
			baseConfigurationReference = 6CE7AB4447E9B8801BE56056 /* Pods-Search.debug.xcconfig */;
			buildSettings = {
				ASSETCATALOG_COMPILER_APPICON_NAME = AppIcon;
				INFOPLIST_FILE = Search/Info.plist;
				IPHONEOS_DEPLOYMENT_TARGET = 9.0;
				LD_RUNPATH_SEARCH_PATHS = "$(inherited) @executable_path/Frameworks";
				PRODUCT_BUNDLE_IDENTIFIER = com.st.Search;
				PRODUCT_NAME = "$(TARGET_NAME)";
			};
			name = Debug;
		};
		BB4F51421D4E532600BFAF05 /* Release */ = {
			isa = XCBuildConfiguration;
			baseConfigurationReference = 07EC4574F5AACB9A162CBFD1 /* Pods-Search.release.xcconfig */;
			buildSettings = {
				ASSETCATALOG_COMPILER_APPICON_NAME = AppIcon;
				INFOPLIST_FILE = Search/Info.plist;
				IPHONEOS_DEPLOYMENT_TARGET = 9.0;
				LD_RUNPATH_SEARCH_PATHS = "$(inherited) @executable_path/Frameworks";
				PRODUCT_BUNDLE_IDENTIFIER = com.st.Search;
				PRODUCT_NAME = "$(TARGET_NAME)";
			};
			name = Release;
		};
/* End XCBuildConfiguration section */

/* Begin XCConfigurationList section */
		BB4F51241D4E532600BFAF05 /* Build configuration list for PBXProject "Search" */ = {
			isa = XCConfigurationList;
			buildConfigurations = (
				BB4F513E1D4E532600BFAF05 /* Debug */,
				BB4F513F1D4E532600BFAF05 /* Release */,
			);
			defaultConfigurationIsVisible = 0;
			defaultConfigurationName = Release;
		};
		BB4F51401D4E532600BFAF05 /* Build configuration list for PBXNativeTarget "Search" */ = {
			isa = XCConfigurationList;
			buildConfigurations = (
				BB4F51411D4E532600BFAF05 /* Debug */,
				BB4F51421D4E532600BFAF05 /* Release */,
			);
			defaultConfigurationIsVisible = 0;
			defaultConfigurationName = Release;
		};
/* End XCConfigurationList section */
	};
	rootObject = BB4F51211D4E532600BFAF05 /* Project object */;
}
